// !$*UTF8*$!
{
	archiveVersion = 1;
	classes = {
	};
	objectVersion = 55;
	objects = {

/* Begin PBXBuildFile section */
		DF1C062528170B5B00A344CB /* ExploreSection.swift in Sources */ = {isa = PBXBuildFile; fileRef = DF1C062428170B5B00A344CB /* ExploreSection.swift */; };
		DF1C062728170B8200A344CB /* ExploreCell.swift in Sources */ = {isa = PBXBuildFile; fileRef = DF1C062628170B8200A344CB /* ExploreCell.swift */; };
		DF1C062928170BAF00A344CB /* ExploreSectionType.swift in Sources */ = {isa = PBXBuildFile; fileRef = DF1C062828170BAF00A344CB /* ExploreSectionType.swift */; };
		DF1C062B28170DE200A344CB /* ExploreBannerViewModel.swift in Sources */ = {isa = PBXBuildFile; fileRef = DF1C062A28170DE200A344CB /* ExploreBannerViewModel.swift */; };
		DF1C062D28170E2200A344CB /* ExplorePostViewModel.swift in Sources */ = {isa = PBXBuildFile; fileRef = DF1C062C28170E2200A344CB /* ExplorePostViewModel.swift */; };
		DF1C062F28170E3300A344CB /* ExploreHashtagViewModel.swift in Sources */ = {isa = PBXBuildFile; fileRef = DF1C062E28170E3300A344CB /* ExploreHashtagViewModel.swift */; };
		DF1C063128170E4400A344CB /* ExploreUserViewModel.swift in Sources */ = {isa = PBXBuildFile; fileRef = DF1C063028170E4400A344CB /* ExploreUserViewModel.swift */; };
		DF50A7B42815BB50004D07BD /* video.mp4 in Resources */ = {isa = PBXBuildFile; fileRef = DF50A7B32815BB50004D07BD /* video.mp4 */; };
		DF68982F282697910039D3CB /* EditProfileViewController.swift in Sources */ = {isa = PBXBuildFile; fileRef = DF68982E282697910039D3CB /* EditProfileViewController.swift */; };
		DF6C2B66281556240033E395 /* CommentTableViewCell.swift in Sources */ = {isa = PBXBuildFile; fileRef = DF6C2B65281556240033E395 /* CommentTableViewCell.swift */; };
		DF8BD2432814574F005C2C99 /* CommentsViewController.swift in Sources */ = {isa = PBXBuildFile; fileRef = DF8BD2422814574E005C2C99 /* CommentsViewController.swift */; };
		DF8BD24528146690005C2C99 /* PostComment.swift in Sources */ = {isa = PBXBuildFile; fileRef = DF8BD24428146690005C2C99 /* PostComment.swift */; };
		DF8BD247281466DF005C2C99 /* User.swift in Sources */ = {isa = PBXBuildFile; fileRef = DF8BD246281466DF005C2C99 /* User.swift */; };
		DF8D8F81281BD98C00942ED9 /* AuthField.swift in Sources */ = {isa = PBXBuildFile; fileRef = DF8D8F80281BD98C00942ED9 /* AuthField.swift */; };
		DF8D8F83281BD9BE00942ED9 /* AuthButton.swift in Sources */ = {isa = PBXBuildFile; fileRef = DF8D8F82281BD9BE00942ED9 /* AuthButton.swift */; };
		DF97B4552826DBF2003C45C1 /* SwitchTableViewCell.swift in Sources */ = {isa = PBXBuildFile; fileRef = DF97B4542826DBF2003C45C1 /* SwitchTableViewCell.swift */; };
		DF97B4572826DF8A003C45C1 /* SwitchCellViewModel.swift in Sources */ = {isa = PBXBuildFile; fileRef = DF97B4562826DF8A003C45C1 /* SwitchCellViewModel.swift */; };
		DF97B4592826E3F3003C45C1 /* SettingsSection.swift in Sources */ = {isa = PBXBuildFile; fileRef = DF97B4582826E3F3003C45C1 /* SettingsSection.swift */; };
		DF97B45B2826E407003C45C1 /* SettingsOption.swift in Sources */ = {isa = PBXBuildFile; fileRef = DF97B45A2826E407003C45C1 /* SettingsOption.swift */; };
		DF9E96812811E39D00D88A11 /* PostModel.swift in Sources */ = {isa = PBXBuildFile; fileRef = DF9E96802811E39D00D88A11 /* PostModel.swift */; };
		DFA15220281A8381003FC98D /* explore.json in Resources */ = {isa = PBXBuildFile; fileRef = DFA1521F281A8381003FC98D /* explore.json */; };
		DFA15222281A8457003FC98D /* ExploreManager.swift in Sources */ = {isa = PBXBuildFile; fileRef = DFA15221281A8457003FC98D /* ExploreManager.swift */; };
		DFC4112B2824FFA800DB40B1 /* PostCollectionViewCell.swift in Sources */ = {isa = PBXBuildFile; fileRef = DFC4112A2824FFA800DB40B1 /* PostCollectionViewCell.swift */; };
		DFC5D6D62823C8DC00EC38CA /* ProfileHeaderViewModel.swift in Sources */ = {isa = PBXBuildFile; fileRef = DFC5D6D52823C8DC00EC38CA /* ProfileHeaderViewModel.swift */; };
		DFC719E428210CD200E6F87A /* Notifications.swift in Sources */ = {isa = PBXBuildFile; fileRef = DFC719E328210CD200E6F87A /* Notifications.swift */; };
		DFC719E6282119F500E6F87A /* NotificationsUserFollowTableViewCell.swift in Sources */ = {isa = PBXBuildFile; fileRef = DFC719E5282119F500E6F87A /* NotificationsUserFollowTableViewCell.swift */; };
		DFC719EA28211AF800E6F87A /* NotificationsPostLikeTableViewCell.swift in Sources */ = {isa = PBXBuildFile; fileRef = DFC719E928211AF800E6F87A /* NotificationsPostLikeTableViewCell.swift */; };
		DFC719EC28211B3800E6F87A /* NotificationsPostCommentTableViewCell.swift in Sources */ = {isa = PBXBuildFile; fileRef = DFC719EB28211B3800E6F87A /* NotificationsPostCommentTableViewCell.swift */; };
		DFCC7D4C2818140100BE7707 /* ExploreBannerCollectionViewCell.swift in Sources */ = {isa = PBXBuildFile; fileRef = DFCC7D4B2818140100BE7707 /* ExploreBannerCollectionViewCell.swift */; };
		DFCC7D4E2818141300BE7707 /* ExplorePostCollectionViewCell.swift in Sources */ = {isa = PBXBuildFile; fileRef = DFCC7D4D2818141300BE7707 /* ExplorePostCollectionViewCell.swift */; };
		DFCC7D502818142700BE7707 /* ExploreUserCollectionViewCell.swift in Sources */ = {isa = PBXBuildFile; fileRef = DFCC7D4F2818142700BE7707 /* ExploreUserCollectionViewCell.swift */; };
		DFCC7D522818143D00BE7707 /* ExploreHashtagCollectionViewCell.swift in Sources */ = {isa = PBXBuildFile; fileRef = DFCC7D512818143D00BE7707 /* ExploreHashtagCollectionViewCell.swift */; };
		DFCDD2882810728600D9E8A6 /* AppDelegate.swift in Sources */ = {isa = PBXBuildFile; fileRef = DFCDD2872810728600D9E8A6 /* AppDelegate.swift */; };
		DFCDD28A2810728600D9E8A6 /* SceneDelegate.swift in Sources */ = {isa = PBXBuildFile; fileRef = DFCDD2892810728600D9E8A6 /* SceneDelegate.swift */; };
		DFCDD28C2810728600D9E8A6 /* HomeViewController.swift in Sources */ = {isa = PBXBuildFile; fileRef = DFCDD28B2810728600D9E8A6 /* HomeViewController.swift */; };
		DFCDD2912810728800D9E8A6 /* Assets.xcassets in Resources */ = {isa = PBXBuildFile; fileRef = DFCDD2902810728800D9E8A6 /* Assets.xcassets */; };
		DFCDD2942810728800D9E8A6 /* LaunchScreen.storyboard in Resources */ = {isa = PBXBuildFile; fileRef = DFCDD2922810728800D9E8A6 /* LaunchScreen.storyboard */; };
		DFCDD2A42810792000D9E8A6 /* ExploreViewController.swift in Sources */ = {isa = PBXBuildFile; fileRef = DFCDD2A32810792000D9E8A6 /* ExploreViewController.swift */; };
		DFCDD2A62810794200D9E8A6 /* CameraViewController.swift in Sources */ = {isa = PBXBuildFile; fileRef = DFCDD2A52810794200D9E8A6 /* CameraViewController.swift */; };
		DFCDD2A82810796800D9E8A6 /* NotificationsViewController.swift in Sources */ = {isa = PBXBuildFile; fileRef = DFCDD2A72810796800D9E8A6 /* NotificationsViewController.swift */; };
		DFCDD2AA2810798E00D9E8A6 /* ProfileViewController.swift in Sources */ = {isa = PBXBuildFile; fileRef = DFCDD2A92810798E00D9E8A6 /* ProfileViewController.swift */; };
		DFCDD2AC281079C100D9E8A6 /* UserListViewController.swift in Sources */ = {isa = PBXBuildFile; fileRef = DFCDD2AB281079C100D9E8A6 /* UserListViewController.swift */; };
		DFCDD2AE281079E700D9E8A6 /* SignInViewController.swift in Sources */ = {isa = PBXBuildFile; fileRef = DFCDD2AD281079E700D9E8A6 /* SignInViewController.swift */; };
		DFCDD2B0281079F700D9E8A6 /* SignUpViewController.swift in Sources */ = {isa = PBXBuildFile; fileRef = DFCDD2AF281079F700D9E8A6 /* SignUpViewController.swift */; };
		DFCDD2B228107A1900D9E8A6 /* SettingsViewController.swift in Sources */ = {isa = PBXBuildFile; fileRef = DFCDD2B128107A1900D9E8A6 /* SettingsViewController.swift */; };
		DFCDD2B428107A7D00D9E8A6 /* TabBarViewController.swift in Sources */ = {isa = PBXBuildFile; fileRef = DFCDD2B328107A7D00D9E8A6 /* TabBarViewController.swift */; };
		DFCDD2B828107B0000D9E8A6 /* PostViewController.swift in Sources */ = {isa = PBXBuildFile; fileRef = DFCDD2B728107B0000D9E8A6 /* PostViewController.swift */; };
		DFCDD2BC28107B7B00D9E8A6 /* StorageManager.swift in Sources */ = {isa = PBXBuildFile; fileRef = DFCDD2BB28107B7B00D9E8A6 /* StorageManager.swift */; };
		DFCDD2BE28107BB200D9E8A6 /* DatabaseManager.swift in Sources */ = {isa = PBXBuildFile; fileRef = DFCDD2BD28107BB200D9E8A6 /* DatabaseManager.swift */; };
		DFCDD2C028107BED00D9E8A6 /* AuthManager.swift in Sources */ = {isa = PBXBuildFile; fileRef = DFCDD2BF28107BED00D9E8A6 /* AuthManager.swift */; };
		DFCDD2C228107C6600D9E8A6 /* HapticsManager.swift in Sources */ = {isa = PBXBuildFile; fileRef = DFCDD2C128107C6600D9E8A6 /* HapticsManager.swift */; };
		DFD206D22811BC8800D2376D /* Extensions.swift in Sources */ = {isa = PBXBuildFile; fileRef = DFD206D12811BC8800D2376D /* Extensions.swift */; };
		DFD2D33E281E96DD0078F5BA /* RecordButton.swift in Sources */ = {isa = PBXBuildFile; fileRef = DFD2D33D281E96DD0078F5BA /* RecordButton.swift */; };
		DFD2D340281EA10F0078F5BA /* CaptionViewController.swift in Sources */ = {isa = PBXBuildFile; fileRef = DFD2D33F281EA10F0078F5BA /* CaptionViewController.swift */; };
		DFE03D12281DCFFC00029552 /* GoogleService-Info.plist in Resources */ = {isa = PBXBuildFile; fileRef = DFE03D11281DCFFC00029552 /* GoogleService-Info.plist */; };
		DFF4D44A2823B27000D97088 /* ProfileHeaderCollectionReusableView.swift in Sources */ = {isa = PBXBuildFile; fileRef = DFF4D4492823B27000D97088 /* ProfileHeaderCollectionReusableView.swift */; };
		F7330DA525D86B6F2FB8BC95 /* Pods_TikTok.framework in Frameworks */ = {isa = PBXBuildFile; fileRef = 57A3ACAF6733AB8FFA5607C0 /* Pods_TikTok.framework */; };
/* End PBXBuildFile section */

/* Begin PBXFileReference section */
		3E1FEB9BC8512EBD568A21F2 /* Pods-TikTok.debug.xcconfig */ = {isa = PBXFileReference; includeInIndex = 1; lastKnownFileType = text.xcconfig; name = "Pods-TikTok.debug.xcconfig"; path = "Target Support Files/Pods-TikTok/Pods-TikTok.debug.xcconfig"; sourceTree = "<group>"; };
		566E58D4CE918A323AE74D1F /* Pods-TikTok.release.xcconfig */ = {isa = PBXFileReference; includeInIndex = 1; lastKnownFileType = text.xcconfig; name = "Pods-TikTok.release.xcconfig"; path = "Target Support Files/Pods-TikTok/Pods-TikTok.release.xcconfig"; sourceTree = "<group>"; };
		57A3ACAF6733AB8FFA5607C0 /* Pods_TikTok.framework */ = {isa = PBXFileReference; explicitFileType = wrapper.framework; includeInIndex = 0; path = Pods_TikTok.framework; sourceTree = BUILT_PRODUCTS_DIR; };
		DF1C062428170B5B00A344CB /* ExploreSection.swift */ = {isa = PBXFileReference; lastKnownFileType = sourcecode.swift; path = ExploreSection.swift; sourceTree = "<group>"; };
		DF1C062628170B8200A344CB /* ExploreCell.swift */ = {isa = PBXFileReference; lastKnownFileType = sourcecode.swift; path = ExploreCell.swift; sourceTree = "<group>"; };
		DF1C062828170BAF00A344CB /* ExploreSectionType.swift */ = {isa = PBXFileReference; lastKnownFileType = sourcecode.swift; path = ExploreSectionType.swift; sourceTree = "<group>"; };
		DF1C062A28170DE200A344CB /* ExploreBannerViewModel.swift */ = {isa = PBXFileReference; lastKnownFileType = sourcecode.swift; path = ExploreBannerViewModel.swift; sourceTree = "<group>"; };
		DF1C062C28170E2200A344CB /* ExplorePostViewModel.swift */ = {isa = PBXFileReference; lastKnownFileType = sourcecode.swift; path = ExplorePostViewModel.swift; sourceTree = "<group>"; };
		DF1C062E28170E3300A344CB /* ExploreHashtagViewModel.swift */ = {isa = PBXFileReference; lastKnownFileType = sourcecode.swift; path = ExploreHashtagViewModel.swift; sourceTree = "<group>"; };
		DF1C063028170E4400A344CB /* ExploreUserViewModel.swift */ = {isa = PBXFileReference; lastKnownFileType = sourcecode.swift; path = ExploreUserViewModel.swift; sourceTree = "<group>"; };
		DF50A7B32815BB50004D07BD /* video.mp4 */ = {isa = PBXFileReference; lastKnownFileType = file; path = video.mp4; sourceTree = "<group>"; };
		DF68982E282697910039D3CB /* EditProfileViewController.swift */ = {isa = PBXFileReference; lastKnownFileType = sourcecode.swift; path = EditProfileViewController.swift; sourceTree = "<group>"; };
		DF6C2B65281556240033E395 /* CommentTableViewCell.swift */ = {isa = PBXFileReference; lastKnownFileType = sourcecode.swift; path = CommentTableViewCell.swift; sourceTree = "<group>"; };
		DF8BD2422814574E005C2C99 /* CommentsViewController.swift */ = {isa = PBXFileReference; lastKnownFileType = sourcecode.swift; path = CommentsViewController.swift; sourceTree = "<group>"; };
		DF8BD24428146690005C2C99 /* PostComment.swift */ = {isa = PBXFileReference; lastKnownFileType = sourcecode.swift; path = PostComment.swift; sourceTree = "<group>"; };
		DF8BD246281466DF005C2C99 /* User.swift */ = {isa = PBXFileReference; lastKnownFileType = sourcecode.swift; path = User.swift; sourceTree = "<group>"; };
		DF8D8F80281BD98C00942ED9 /* AuthField.swift */ = {isa = PBXFileReference; lastKnownFileType = sourcecode.swift; path = AuthField.swift; sourceTree = "<group>"; };
		DF8D8F82281BD9BE00942ED9 /* AuthButton.swift */ = {isa = PBXFileReference; lastKnownFileType = sourcecode.swift; path = AuthButton.swift; sourceTree = "<group>"; };
		DF97B4542826DBF2003C45C1 /* SwitchTableViewCell.swift */ = {isa = PBXFileReference; lastKnownFileType = sourcecode.swift; path = SwitchTableViewCell.swift; sourceTree = "<group>"; };
		DF97B4562826DF8A003C45C1 /* SwitchCellViewModel.swift */ = {isa = PBXFileReference; lastKnownFileType = sourcecode.swift; path = SwitchCellViewModel.swift; sourceTree = "<group>"; };
		DF97B4582826E3F3003C45C1 /* SettingsSection.swift */ = {isa = PBXFileReference; lastKnownFileType = sourcecode.swift; path = SettingsSection.swift; sourceTree = "<group>"; };
		DF97B45A2826E407003C45C1 /* SettingsOption.swift */ = {isa = PBXFileReference; lastKnownFileType = sourcecode.swift; path = SettingsOption.swift; sourceTree = "<group>"; };
		DF9E96802811E39D00D88A11 /* PostModel.swift */ = {isa = PBXFileReference; lastKnownFileType = sourcecode.swift; path = PostModel.swift; sourceTree = "<group>"; };
		DFA1521F281A8381003FC98D /* explore.json */ = {isa = PBXFileReference; fileEncoding = 4; lastKnownFileType = text.json; path = explore.json; sourceTree = "<group>"; };
		DFA15221281A8457003FC98D /* ExploreManager.swift */ = {isa = PBXFileReference; lastKnownFileType = sourcecode.swift; path = ExploreManager.swift; sourceTree = "<group>"; };
		DFC4112A2824FFA800DB40B1 /* PostCollectionViewCell.swift */ = {isa = PBXFileReference; lastKnownFileType = sourcecode.swift; path = PostCollectionViewCell.swift; sourceTree = "<group>"; };
		DFC5D6D52823C8DC00EC38CA /* ProfileHeaderViewModel.swift */ = {isa = PBXFileReference; lastKnownFileType = sourcecode.swift; path = ProfileHeaderViewModel.swift; sourceTree = "<group>"; };
		DFC719E328210CD200E6F87A /* Notifications.swift */ = {isa = PBXFileReference; lastKnownFileType = sourcecode.swift; path = Notifications.swift; sourceTree = "<group>"; };
		DFC719E5282119F500E6F87A /* NotificationsUserFollowTableViewCell.swift */ = {isa = PBXFileReference; lastKnownFileType = sourcecode.swift; path = NotificationsUserFollowTableViewCell.swift; sourceTree = "<group>"; };
		DFC719E928211AF800E6F87A /* NotificationsPostLikeTableViewCell.swift */ = {isa = PBXFileReference; lastKnownFileType = sourcecode.swift; path = NotificationsPostLikeTableViewCell.swift; sourceTree = "<group>"; };
		DFC719EB28211B3800E6F87A /* NotificationsPostCommentTableViewCell.swift */ = {isa = PBXFileReference; lastKnownFileType = sourcecode.swift; path = NotificationsPostCommentTableViewCell.swift; sourceTree = "<group>"; };
		DFCC7D4B2818140100BE7707 /* ExploreBannerCollectionViewCell.swift */ = {isa = PBXFileReference; lastKnownFileType = sourcecode.swift; path = ExploreBannerCollectionViewCell.swift; sourceTree = "<group>"; };
		DFCC7D4D2818141300BE7707 /* ExplorePostCollectionViewCell.swift */ = {isa = PBXFileReference; lastKnownFileType = sourcecode.swift; path = ExplorePostCollectionViewCell.swift; sourceTree = "<group>"; };
		DFCC7D4F2818142700BE7707 /* ExploreUserCollectionViewCell.swift */ = {isa = PBXFileReference; lastKnownFileType = sourcecode.swift; path = ExploreUserCollectionViewCell.swift; sourceTree = "<group>"; };
		DFCC7D512818143D00BE7707 /* ExploreHashtagCollectionViewCell.swift */ = {isa = PBXFileReference; lastKnownFileType = sourcecode.swift; path = ExploreHashtagCollectionViewCell.swift; sourceTree = "<group>"; };
		DFCDD2842810728600D9E8A6 /* TikTok.app */ = {isa = PBXFileReference; explicitFileType = wrapper.application; includeInIndex = 0; path = TikTok.app; sourceTree = BUILT_PRODUCTS_DIR; };
		DFCDD2872810728600D9E8A6 /* AppDelegate.swift */ = {isa = PBXFileReference; lastKnownFileType = sourcecode.swift; path = AppDelegate.swift; sourceTree = "<group>"; };
		DFCDD2892810728600D9E8A6 /* SceneDelegate.swift */ = {isa = PBXFileReference; lastKnownFileType = sourcecode.swift; path = SceneDelegate.swift; sourceTree = "<group>"; };
		DFCDD28B2810728600D9E8A6 /* HomeViewController.swift */ = {isa = PBXFileReference; lastKnownFileType = sourcecode.swift; path = HomeViewController.swift; sourceTree = "<group>"; };
		DFCDD2902810728800D9E8A6 /* Assets.xcassets */ = {isa = PBXFileReference; lastKnownFileType = folder.assetcatalog; path = Assets.xcassets; sourceTree = "<group>"; };
		DFCDD2932810728800D9E8A6 /* Base */ = {isa = PBXFileReference; lastKnownFileType = file.storyboard; name = Base; path = Base.lproj/LaunchScreen.storyboard; sourceTree = "<group>"; };
		DFCDD2952810728800D9E8A6 /* Info.plist */ = {isa = PBXFileReference; lastKnownFileType = text.plist.xml; path = Info.plist; sourceTree = "<group>"; };
		DFCDD2A32810792000D9E8A6 /* ExploreViewController.swift */ = {isa = PBXFileReference; lastKnownFileType = sourcecode.swift; path = ExploreViewController.swift; sourceTree = "<group>"; };
		DFCDD2A52810794200D9E8A6 /* CameraViewController.swift */ = {isa = PBXFileReference; lastKnownFileType = sourcecode.swift; path = CameraViewController.swift; sourceTree = "<group>"; };
		DFCDD2A72810796800D9E8A6 /* NotificationsViewController.swift */ = {isa = PBXFileReference; lastKnownFileType = sourcecode.swift; path = NotificationsViewController.swift; sourceTree = "<group>"; };
		DFCDD2A92810798E00D9E8A6 /* ProfileViewController.swift */ = {isa = PBXFileReference; lastKnownFileType = sourcecode.swift; path = ProfileViewController.swift; sourceTree = "<group>"; };
		DFCDD2AB281079C100D9E8A6 /* UserListViewController.swift */ = {isa = PBXFileReference; lastKnownFileType = sourcecode.swift; path = UserListViewController.swift; sourceTree = "<group>"; };
		DFCDD2AD281079E700D9E8A6 /* SignInViewController.swift */ = {isa = PBXFileReference; lastKnownFileType = sourcecode.swift; path = SignInViewController.swift; sourceTree = "<group>"; };
		DFCDD2AF281079F700D9E8A6 /* SignUpViewController.swift */ = {isa = PBXFileReference; lastKnownFileType = sourcecode.swift; path = SignUpViewController.swift; sourceTree = "<group>"; };
		DFCDD2B128107A1900D9E8A6 /* SettingsViewController.swift */ = {isa = PBXFileReference; lastKnownFileType = sourcecode.swift; path = SettingsViewController.swift; sourceTree = "<group>"; };
		DFCDD2B328107A7D00D9E8A6 /* TabBarViewController.swift */ = {isa = PBXFileReference; lastKnownFileType = sourcecode.swift; path = TabBarViewController.swift; sourceTree = "<group>"; };
		DFCDD2B728107B0000D9E8A6 /* PostViewController.swift */ = {isa = PBXFileReference; lastKnownFileType = sourcecode.swift; path = PostViewController.swift; sourceTree = "<group>"; };
		DFCDD2BB28107B7B00D9E8A6 /* StorageManager.swift */ = {isa = PBXFileReference; lastKnownFileType = sourcecode.swift; path = StorageManager.swift; sourceTree = "<group>"; };
		DFCDD2BD28107BB200D9E8A6 /* DatabaseManager.swift */ = {isa = PBXFileReference; lastKnownFileType = sourcecode.swift; path = DatabaseManager.swift; sourceTree = "<group>"; };
		DFCDD2BF28107BED00D9E8A6 /* AuthManager.swift */ = {isa = PBXFileReference; lastKnownFileType = sourcecode.swift; path = AuthManager.swift; sourceTree = "<group>"; };
		DFCDD2C128107C6600D9E8A6 /* HapticsManager.swift */ = {isa = PBXFileReference; lastKnownFileType = sourcecode.swift; path = HapticsManager.swift; sourceTree = "<group>"; };
		DFD206D12811BC8800D2376D /* Extensions.swift */ = {isa = PBXFileReference; lastKnownFileType = sourcecode.swift; path = Extensions.swift; sourceTree = "<group>"; };
		DFD2D33D281E96DD0078F5BA /* RecordButton.swift */ = {isa = PBXFileReference; lastKnownFileType = sourcecode.swift; path = RecordButton.swift; sourceTree = "<group>"; };
		DFD2D33F281EA10F0078F5BA /* CaptionViewController.swift */ = {isa = PBXFileReference; lastKnownFileType = sourcecode.swift; path = CaptionViewController.swift; sourceTree = "<group>"; };
		DFE03D11281DCFFC00029552 /* GoogleService-Info.plist */ = {isa = PBXFileReference; fileEncoding = 4; lastKnownFileType = text.plist.xml; path = "GoogleService-Info.plist"; sourceTree = "<group>"; };
		DFF4D4492823B27000D97088 /* ProfileHeaderCollectionReusableView.swift */ = {isa = PBXFileReference; lastKnownFileType = sourcecode.swift; path = ProfileHeaderCollectionReusableView.swift; sourceTree = "<group>"; };
/* End PBXFileReference section */

/* Begin PBXFrameworksBuildPhase section */
		DFCDD2812810728600D9E8A6 /* Frameworks */ = {
			isa = PBXFrameworksBuildPhase;
			buildActionMask = 2147483647;
			files = (
				F7330DA525D86B6F2FB8BC95 /* Pods_TikTok.framework in Frameworks */,
			);
			runOnlyForDeploymentPostprocessing = 0;
		};
/* End PBXFrameworksBuildPhase section */

/* Begin PBXGroup section */
		DF05CF06281B10B100033554 /* Authentication */ = {
			isa = PBXGroup;
			children = (
				DFCDD2AD281079E700D9E8A6 /* SignInViewController.swift */,
				DFCDD2AF281079F700D9E8A6 /* SignUpViewController.swift */,
			);
			path = Authentication;
			sourceTree = "<group>";
		};
		DFC719E728211AA000E6F87A /* Auth */ = {
			isa = PBXGroup;
			children = (
				DF8D8F80281BD98C00942ED9 /* AuthField.swift */,
				DF8D8F82281BD9BE00942ED9 /* AuthButton.swift */,
			);
			path = Auth;
			sourceTree = "<group>";
		};
		DFC719E828211AB600E6F87A /* Explore */ = {
			isa = PBXGroup;
			children = (
				DFCC7D4B2818140100BE7707 /* ExploreBannerCollectionViewCell.swift */,
				DFCC7D4D2818141300BE7707 /* ExplorePostCollectionViewCell.swift */,
				DFCC7D4F2818142700BE7707 /* ExploreUserCollectionViewCell.swift */,
				DFCC7D512818143D00BE7707 /* ExploreHashtagCollectionViewCell.swift */,
			);
			path = Explore;
			sourceTree = "<group>";
		};
		DFC719ED28211B6000E6F87A /* Notifications */ = {
			isa = PBXGroup;
			children = (
				DFC719E5282119F500E6F87A /* NotificationsUserFollowTableViewCell.swift */,
				DFC719E928211AF800E6F87A /* NotificationsPostLikeTableViewCell.swift */,
				DFC719EB28211B3800E6F87A /* NotificationsPostCommentTableViewCell.swift */,
			);
			path = Notifications;
			sourceTree = "<group>";
		};
		DFCDD27B2810728600D9E8A6 = {
			isa = PBXGroup;
			children = (
				DFCDD2862810728600D9E8A6 /* TikTok */,
				DFCDD2852810728600D9E8A6 /* Products */,
				E13746417DC671A6DC940418 /* Pods */,
				E2BC843B90D6275E5631D973 /* Frameworks */,
			);
			sourceTree = "<group>";
		};
		DFCDD2852810728600D9E8A6 /* Products */ = {
			isa = PBXGroup;
			children = (
				DFCDD2842810728600D9E8A6 /* TikTok.app */,
			);
			name = Products;
			sourceTree = "<group>";
		};
		DFCDD2862810728600D9E8A6 /* TikTok */ = {
			isa = PBXGroup;
			children = (
				DFCDD2A02810786000D9E8A6 /* Managers */,
				DFCDD29F2810783700D9E8A6 /* ViewModels */,
				DFCDD29E2810782300D9E8A6 /* Models */,
				DFCDD29D2810780F00D9E8A6 /* Views */,
				DFCDD29C281077F300D9E8A6 /* Controllers */,
				DFCDD29B281077BF00D9E8A6 /* Resources */,
				DFCDD2952810728800D9E8A6 /* Info.plist */,
			);
			path = TikTok;
			sourceTree = "<group>";
		};
		DFCDD29B281077BF00D9E8A6 /* Resources */ = {
			isa = PBXGroup;
			children = (
				DFA1521F281A8381003FC98D /* explore.json */,
				DFCDD2902810728800D9E8A6 /* Assets.xcassets */,
				DF50A7B32815BB50004D07BD /* video.mp4 */,
				DFCDD2872810728600D9E8A6 /* AppDelegate.swift */,
				DFCDD2892810728600D9E8A6 /* SceneDelegate.swift */,
				DFD206D12811BC8800D2376D /* Extensions.swift */,
				DFE03D11281DCFFC00029552 /* GoogleService-Info.plist */,
			);
			path = Resources;
			sourceTree = "<group>";
		};
		DFCDD29C281077F300D9E8A6 /* Controllers */ = {
			isa = PBXGroup;
			children = (
				DFCDD2A2281078F500D9E8A6 /* Other */,
				DFCDD2A1281078DC00D9E8A6 /* Core */,
			);
			path = Controllers;
			sourceTree = "<group>";
		};
		DFCDD29D2810780F00D9E8A6 /* Views */ = {
			isa = PBXGroup;
			children = (
				DFCDD2B628107AD300D9E8A6 /* Other */,
				DFCDD2B528107ABD00D9E8A6 /* Storyboard */,
			);
			path = Views;
			sourceTree = "<group>";
		};
		DFCDD29E2810782300D9E8A6 /* Models */ = {
			isa = PBXGroup;
			children = (
				DF9E96802811E39D00D88A11 /* PostModel.swift */,
				DF8BD24428146690005C2C99 /* PostComment.swift */,
				DF8BD246281466DF005C2C99 /* User.swift */,
				DF1C062428170B5B00A344CB /* ExploreSection.swift */,
				DF1C062628170B8200A344CB /* ExploreCell.swift */,
				DF1C062828170BAF00A344CB /* ExploreSectionType.swift */,
				DFC719E328210CD200E6F87A /* Notifications.swift */,
				DF97B4582826E3F3003C45C1 /* SettingsSection.swift */,
				DF97B45A2826E407003C45C1 /* SettingsOption.swift */,
			);
			path = Models;
			sourceTree = "<group>";
		};
		DFCDD29F2810783700D9E8A6 /* ViewModels */ = {
			isa = PBXGroup;
			children = (
				DF1C062A28170DE200A344CB /* ExploreBannerViewModel.swift */,
				DF1C062C28170E2200A344CB /* ExplorePostViewModel.swift */,
				DF1C062E28170E3300A344CB /* ExploreHashtagViewModel.swift */,
				DF1C063028170E4400A344CB /* ExploreUserViewModel.swift */,
				DFC5D6D52823C8DC00EC38CA /* ProfileHeaderViewModel.swift */,
				DF97B4562826DF8A003C45C1 /* SwitchCellViewModel.swift */,
			);
			path = ViewModels;
			sourceTree = "<group>";
		};
		DFCDD2A02810786000D9E8A6 /* Managers */ = {
			isa = PBXGroup;
			children = (
				DFCDD2BD28107BB200D9E8A6 /* DatabaseManager.swift */,
				DFCDD2BF28107BED00D9E8A6 /* AuthManager.swift */,
				DFCDD2BB28107B7B00D9E8A6 /* StorageManager.swift */,
				DFCDD2C128107C6600D9E8A6 /* HapticsManager.swift */,
				DFA15221281A8457003FC98D /* ExploreManager.swift */,
			);
			path = Managers;
			sourceTree = "<group>";
		};
		DFCDD2A1281078DC00D9E8A6 /* Core */ = {
			isa = PBXGroup;
			children = (
				DFCDD28B2810728600D9E8A6 /* HomeViewController.swift */,
				DFCDD2A32810792000D9E8A6 /* ExploreViewController.swift */,
				DFCDD2A52810794200D9E8A6 /* CameraViewController.swift */,
				DFCDD2A72810796800D9E8A6 /* NotificationsViewController.swift */,
				DFCDD2A92810798E00D9E8A6 /* ProfileViewController.swift */,
				DFCDD2B328107A7D00D9E8A6 /* TabBarViewController.swift */,
			);
			path = Core;
			sourceTree = "<group>";
		};
		DFCDD2A2281078F500D9E8A6 /* Other */ = {
			isa = PBXGroup;
			children = (
				DF05CF06281B10B100033554 /* Authentication */,
				DFCDD2AB281079C100D9E8A6 /* UserListViewController.swift */,
				DFCDD2B128107A1900D9E8A6 /* SettingsViewController.swift */,
				DFCDD2B728107B0000D9E8A6 /* PostViewController.swift */,
				DF8BD2422814574E005C2C99 /* CommentsViewController.swift */,
				DFD2D33F281EA10F0078F5BA /* CaptionViewController.swift */,
				DF68982E282697910039D3CB /* EditProfileViewController.swift */,
			);
			path = Other;
			sourceTree = "<group>";
		};
		DFCDD2B528107ABD00D9E8A6 /* Storyboard */ = {
			isa = PBXGroup;
			children = (
				DFCDD2922810728800D9E8A6 /* LaunchScreen.storyboard */,
			);
			path = Storyboard;
			sourceTree = "<group>";
		};
		DFCDD2B628107AD300D9E8A6 /* Other */ = {
			isa = PBXGroup;
			children = (
				DF6C2B65281556240033E395 /* CommentTableViewCell.swift */,
				DFD2D33D281E96DD0078F5BA /* RecordButton.swift */,
				DFC719E828211AB600E6F87A /* Explore */,
				DFC719E728211AA000E6F87A /* Auth */,
				DFC719ED28211B6000E6F87A /* Notifications */,
				DFF4D4492823B27000D97088 /* ProfileHeaderCollectionReusableView.swift */,
				DFC4112A2824FFA800DB40B1 /* PostCollectionViewCell.swift */,
				DF97B4542826DBF2003C45C1 /* SwitchTableViewCell.swift */,
			);
			path = Other;
			sourceTree = "<group>";
		};
		E13746417DC671A6DC940418 /* Pods */ = {
			isa = PBXGroup;
			children = (
				3E1FEB9BC8512EBD568A21F2 /* Pods-TikTok.debug.xcconfig */,
				566E58D4CE918A323AE74D1F /* Pods-TikTok.release.xcconfig */,
			);
			path = Pods;
			sourceTree = "<group>";
		};
		E2BC843B90D6275E5631D973 /* Frameworks */ = {
			isa = PBXGroup;
			children = (
				57A3ACAF6733AB8FFA5607C0 /* Pods_TikTok.framework */,
			);
			name = Frameworks;
			sourceTree = "<group>";
		};
/* End PBXGroup section */

/* Begin PBXNativeTarget section */
		DFCDD2832810728600D9E8A6 /* TikTok */ = {
			isa = PBXNativeTarget;
			buildConfigurationList = DFCDD2982810728800D9E8A6 /* Build configuration list for PBXNativeTarget "TikTok" */;
			buildPhases = (
				DFC80C1D28282D93009CA77F /* SwiftLint */,
				3F22CFD88F99DC922FCD1D94 /* [CP] Check Pods Manifest.lock */,
				DFCDD2802810728600D9E8A6 /* Sources */,
				DFCDD2812810728600D9E8A6 /* Frameworks */,
				DFCDD2822810728600D9E8A6 /* Resources */,
				9889A2DD537B1D068C15FAF9 /* [CP] Embed Pods Frameworks */,
				DFC17EDC28115D0A00209669 /* FirebaseCrashlytics */,
			);
			buildRules = (
			);
			dependencies = (
			);
			name = TikTok;
			productName = TikTok;
			productReference = DFCDD2842810728600D9E8A6 /* TikTok.app */;
			productType = "com.apple.product-type.application";
		};
/* End PBXNativeTarget section */

/* Begin PBXProject section */
		DFCDD27C2810728600D9E8A6 /* Project object */ = {
			isa = PBXProject;
			attributes = {
				BuildIndependentTargetsInParallel = 1;
				LastSwiftUpdateCheck = 1330;
				LastUpgradeCheck = 1330;
				TargetAttributes = {
					DFCDD2832810728600D9E8A6 = {
						CreatedOnToolsVersion = 13.3.1;
					};
				};
			};
			buildConfigurationList = DFCDD27F2810728600D9E8A6 /* Build configuration list for PBXProject "TikTok" */;
			compatibilityVersion = "Xcode 13.0";
			developmentRegion = en;
			hasScannedForEncodings = 0;
			knownRegions = (
				en,
				Base,
			);
			mainGroup = DFCDD27B2810728600D9E8A6;
			productRefGroup = DFCDD2852810728600D9E8A6 /* Products */;
			projectDirPath = "";
			projectRoot = "";
			targets = (
				DFCDD2832810728600D9E8A6 /* TikTok */,
			);
		};
/* End PBXProject section */

/* Begin PBXResourcesBuildPhase section */
		DFCDD2822810728600D9E8A6 /* Resources */ = {
			isa = PBXResourcesBuildPhase;
			buildActionMask = 2147483647;
			files = (
				DFA15220281A8381003FC98D /* explore.json in Resources */,
				DFCDD2942810728800D9E8A6 /* LaunchScreen.storyboard in Resources */,
				DFE03D12281DCFFC00029552 /* GoogleService-Info.plist in Resources */,
				DFCDD2912810728800D9E8A6 /* Assets.xcassets in Resources */,
				DF50A7B42815BB50004D07BD /* video.mp4 in Resources */,
			);
			runOnlyForDeploymentPostprocessing = 0;
		};
/* End PBXResourcesBuildPhase section */

/* Begin PBXShellScriptBuildPhase section */
		3F22CFD88F99DC922FCD1D94 /* [CP] Check Pods Manifest.lock */ = {
			isa = PBXShellScriptBuildPhase;
			buildActionMask = 2147483647;
			files = (
			);
			inputFileListPaths = (
			);
			inputPaths = (
				"${PODS_PODFILE_DIR_PATH}/Podfile.lock",
				"${PODS_ROOT}/Manifest.lock",
			);
			name = "[CP] Check Pods Manifest.lock";
			outputFileListPaths = (
			);
			outputPaths = (
				"$(DERIVED_FILE_DIR)/Pods-TikTok-checkManifestLockResult.txt",
			);
			runOnlyForDeploymentPostprocessing = 0;
			shellPath = /bin/sh;
			shellScript = "diff \"${PODS_PODFILE_DIR_PATH}/Podfile.lock\" \"${PODS_ROOT}/Manifest.lock\" > /dev/null\nif [ $? != 0 ] ; then\n    # print error to STDERR\n    echo \"error: The sandbox is not in sync with the Podfile.lock. Run 'pod install' or update your CocoaPods installation.\" >&2\n    exit 1\nfi\n# This output is used by Xcode 'outputs' to avoid re-running this script phase.\necho \"SUCCESS\" > \"${SCRIPT_OUTPUT_FILE_0}\"\n";
			showEnvVarsInLog = 0;
		};
		9889A2DD537B1D068C15FAF9 /* [CP] Embed Pods Frameworks */ = {
			isa = PBXShellScriptBuildPhase;
			buildActionMask = 2147483647;
			files = (
			);
			inputFileListPaths = (
				"${PODS_ROOT}/Target Support Files/Pods-TikTok/Pods-TikTok-frameworks-${CONFIGURATION}-input-files.xcfilelist",
			);
			name = "[CP] Embed Pods Frameworks";
			outputFileListPaths = (
				"${PODS_ROOT}/Target Support Files/Pods-TikTok/Pods-TikTok-frameworks-${CONFIGURATION}-output-files.xcfilelist",
			);
			runOnlyForDeploymentPostprocessing = 0;
			shellPath = /bin/sh;
			shellScript = "\"${PODS_ROOT}/Target Support Files/Pods-TikTok/Pods-TikTok-frameworks.sh\"\n";
			showEnvVarsInLog = 0;
		};
		DFC17EDC28115D0A00209669 /* FirebaseCrashlytics */ = {
			isa = PBXShellScriptBuildPhase;
			buildActionMask = 2147483647;
			files = (
			);
			inputFileListPaths = (
			);
			inputPaths = (
			);
			name = FirebaseCrashlytics;
			outputFileListPaths = (
			);
			outputPaths = (
			);
			runOnlyForDeploymentPostprocessing = 0;
			shellPath = /bin/sh;
			shellScript = "\"${PODS_ROOT}/FirebaseCrashlytics/run\"\n";
		};
		DFC80C1D28282D93009CA77F /* SwiftLint */ = {
			isa = PBXShellScriptBuildPhase;
			buildActionMask = 2147483647;
			files = (
			);
			inputFileListPaths = (
			);
			inputPaths = (
			);
			name = SwiftLint;
			outputFileListPaths = (
			);
			outputPaths = (
			);
			runOnlyForDeploymentPostprocessing = 0;
			shellPath = /bin/sh;
			shellScript = "# Type a script or drag a script file from your workspace to insert its path.\n\"${PODS_ROOT}/SwiftLint/swiftlint\"\n";
		};
/* End PBXShellScriptBuildPhase section */

/* Begin PBXSourcesBuildPhase section */
		DFCDD2802810728600D9E8A6 /* Sources */ = {
			isa = PBXSourcesBuildPhase;
			buildActionMask = 2147483647;
			files = (
				DFC4112B2824FFA800DB40B1 /* PostCollectionViewCell.swift in Sources */,
				DFC719E428210CD200E6F87A /* Notifications.swift in Sources */,
				DF68982F282697910039D3CB /* EditProfileViewController.swift in Sources */,
				DF8D8F83281BD9BE00942ED9 /* AuthButton.swift in Sources */,
				DF8D8F81281BD98C00942ED9 /* AuthField.swift in Sources */,
				DFC719EA28211AF800E6F87A /* NotificationsPostLikeTableViewCell.swift in Sources */,
				DFCDD2C228107C6600D9E8A6 /* HapticsManager.swift in Sources */,
				DFD206D22811BC8800D2376D /* Extensions.swift in Sources */,
				DFCDD2BE28107BB200D9E8A6 /* DatabaseManager.swift in Sources */,
				DF97B4572826DF8A003C45C1 /* SwitchCellViewModel.swift in Sources */,
				DF1C062528170B5B00A344CB /* ExploreSection.swift in Sources */,
				DF6C2B66281556240033E395 /* CommentTableViewCell.swift in Sources */,
				DFCC7D502818142700BE7707 /* ExploreUserCollectionViewCell.swift in Sources */,
				DFCDD2A42810792000D9E8A6 /* ExploreViewController.swift in Sources */,
				DF97B45B2826E407003C45C1 /* SettingsOption.swift in Sources */,
				DFCDD2AC281079C100D9E8A6 /* UserListViewController.swift in Sources */,
				DF1C062F28170E3300A344CB /* ExploreHashtagViewModel.swift in Sources */,
				DFCDD2B228107A1900D9E8A6 /* SettingsViewController.swift in Sources */,
				DFCC7D4C2818140100BE7707 /* ExploreBannerCollectionViewCell.swift in Sources */,
				DFCDD2B828107B0000D9E8A6 /* PostViewController.swift in Sources */,
				DFA15222281A8457003FC98D /* ExploreManager.swift in Sources */,
				DFCDD2A62810794200D9E8A6 /* CameraViewController.swift in Sources */,
				DFC719E6282119F500E6F87A /* NotificationsUserFollowTableViewCell.swift in Sources */,
				DFD2D340281EA10F0078F5BA /* CaptionViewController.swift in Sources */,
				DFC5D6D62823C8DC00EC38CA /* ProfileHeaderViewModel.swift in Sources */,
				DF1C062D28170E2200A344CB /* ExplorePostViewModel.swift in Sources */,
				DF1C062728170B8200A344CB /* ExploreCell.swift in Sources */,
				DF8BD2432814574F005C2C99 /* CommentsViewController.swift in Sources */,
				DF1C062B28170DE200A344CB /* ExploreBannerViewModel.swift in Sources */,
				DF1C063128170E4400A344CB /* ExploreUserViewModel.swift in Sources */,
				DFCDD2C028107BED00D9E8A6 /* AuthManager.swift in Sources */,
				DFCC7D522818143D00BE7707 /* ExploreHashtagCollectionViewCell.swift in Sources */,
				DF8BD247281466DF005C2C99 /* User.swift in Sources */,
				DFF4D44A2823B27000D97088 /* ProfileHeaderCollectionReusableView.swift in Sources */,
				DFCDD2B428107A7D00D9E8A6 /* TabBarViewController.swift in Sources */,
				DFC719EC28211B3800E6F87A /* NotificationsPostCommentTableViewCell.swift in Sources */,
				DFCDD28C2810728600D9E8A6 /* HomeViewController.swift in Sources */,
				DFD2D33E281E96DD0078F5BA /* RecordButton.swift in Sources */,
				DFCDD2B0281079F700D9E8A6 /* SignUpViewController.swift in Sources */,
				DFCDD2A82810796800D9E8A6 /* NotificationsViewController.swift in Sources */,
				DF8BD24528146690005C2C99 /* PostComment.swift in Sources */,
				DFCDD2AE281079E700D9E8A6 /* SignInViewController.swift in Sources */,
				DF9E96812811E39D00D88A11 /* PostModel.swift in Sources */,
				DF97B4552826DBF2003C45C1 /* SwitchTableViewCell.swift in Sources */,
				DFCC7D4E2818141300BE7707 /* ExplorePostCollectionViewCell.swift in Sources */,
				DFCDD2AA2810798E00D9E8A6 /* ProfileViewController.swift in Sources */,
				DFCDD2BC28107B7B00D9E8A6 /* StorageManager.swift in Sources */,
				DFCDD2882810728600D9E8A6 /* AppDelegate.swift in Sources */,
				DFCDD28A2810728600D9E8A6 /* SceneDelegate.swift in Sources */,
				DF97B4592826E3F3003C45C1 /* SettingsSection.swift in Sources */,
				DF1C062928170BAF00A344CB /* ExploreSectionType.swift in Sources */,
			);
			runOnlyForDeploymentPostprocessing = 0;
		};
/* End PBXSourcesBuildPhase section */

/* Begin PBXVariantGroup section */
		DFCDD2922810728800D9E8A6 /* LaunchScreen.storyboard */ = {
			isa = PBXVariantGroup;
			children = (
				DFCDD2932810728800D9E8A6 /* Base */,
			);
			name = LaunchScreen.storyboard;
			sourceTree = "<group>";
		};
/* End PBXVariantGroup section */

/* Begin XCBuildConfiguration section */
		DFCDD2962810728800D9E8A6 /* Debug */ = {
			isa = XCBuildConfiguration;
			buildSettings = {
				ALWAYS_SEARCH_USER_PATHS = NO;
				CLANG_ANALYZER_NONNULL = YES;
				CLANG_ANALYZER_NUMBER_OBJECT_CONVERSION = YES_AGGRESSIVE;
				CLANG_CXX_LANGUAGE_STANDARD = "gnu++17";
				CLANG_ENABLE_MODULES = YES;
				CLANG_ENABLE_OBJC_ARC = YES;
				CLANG_ENABLE_OBJC_WEAK = YES;
				CLANG_WARN_BLOCK_CAPTURE_AUTORELEASING = YES;
				CLANG_WARN_BOOL_CONVERSION = YES;
				CLANG_WARN_COMMA = YES;
				CLANG_WARN_CONSTANT_CONVERSION = YES;
				CLANG_WARN_DEPRECATED_OBJC_IMPLEMENTATIONS = YES;
				CLANG_WARN_DIRECT_OBJC_ISA_USAGE = YES_ERROR;
				CLANG_WARN_DOCUMENTATION_COMMENTS = YES;
				CLANG_WARN_EMPTY_BODY = YES;
				CLANG_WARN_ENUM_CONVERSION = YES;
				CLANG_WARN_INFINITE_RECURSION = YES;
				CLANG_WARN_INT_CONVERSION = YES;
				CLANG_WARN_NON_LITERAL_NULL_CONVERSION = YES;
				CLANG_WARN_OBJC_IMPLICIT_RETAIN_SELF = YES;
				CLANG_WARN_OBJC_LITERAL_CONVERSION = YES;
				CLANG_WARN_OBJC_ROOT_CLASS = YES_ERROR;
				CLANG_WARN_QUOTED_INCLUDE_IN_FRAMEWORK_HEADER = YES;
				CLANG_WARN_RANGE_LOOP_ANALYSIS = YES;
				CLANG_WARN_STRICT_PROTOTYPES = YES;
				CLANG_WARN_SUSPICIOUS_MOVE = YES;
				CLANG_WARN_UNGUARDED_AVAILABILITY = YES_AGGRESSIVE;
				CLANG_WARN_UNREACHABLE_CODE = YES;
				CLANG_WARN__DUPLICATE_METHOD_MATCH = YES;
				COPY_PHASE_STRIP = NO;
				DEBUG_INFORMATION_FORMAT = dwarf;
				ENABLE_STRICT_OBJC_MSGSEND = YES;
				ENABLE_TESTABILITY = YES;
				GCC_C_LANGUAGE_STANDARD = gnu11;
				GCC_DYNAMIC_NO_PIC = NO;
				GCC_NO_COMMON_BLOCKS = YES;
				GCC_OPTIMIZATION_LEVEL = 0;
				GCC_PREPROCESSOR_DEFINITIONS = (
					"DEBUG=1",
					"$(inherited)",
				);
				GCC_WARN_64_TO_32_BIT_CONVERSION = YES;
				GCC_WARN_ABOUT_RETURN_TYPE = YES_ERROR;
				GCC_WARN_UNDECLARED_SELECTOR = YES;
				GCC_WARN_UNINITIALIZED_AUTOS = YES_AGGRESSIVE;
				GCC_WARN_UNUSED_FUNCTION = YES;
				GCC_WARN_UNUSED_VARIABLE = YES;
				IPHONEOS_DEPLOYMENT_TARGET = 15.4;
				MTL_ENABLE_DEBUG_INFO = INCLUDE_SOURCE;
				MTL_FAST_MATH = YES;
				ONLY_ACTIVE_ARCH = YES;
				SDKROOT = iphoneos;
				SWIFT_ACTIVE_COMPILATION_CONDITIONS = DEBUG;
				SWIFT_OPTIMIZATION_LEVEL = "-Onone";
			};
			name = Debug;
		};
		DFCDD2972810728800D9E8A6 /* Release */ = {
			isa = XCBuildConfiguration;
			buildSettings = {
				ALWAYS_SEARCH_USER_PATHS = NO;
				CLANG_ANALYZER_NONNULL = YES;
				CLANG_ANALYZER_NUMBER_OBJECT_CONVERSION = YES_AGGRESSIVE;
				CLANG_CXX_LANGUAGE_STANDARD = "gnu++17";
				CLANG_ENABLE_MODULES = YES;
				CLANG_ENABLE_OBJC_ARC = YES;
				CLANG_ENABLE_OBJC_WEAK = YES;
				CLANG_WARN_BLOCK_CAPTURE_AUTORELEASING = YES;
				CLANG_WARN_BOOL_CONVERSION = YES;
				CLANG_WARN_COMMA = YES;
				CLANG_WARN_CONSTANT_CONVERSION = YES;
				CLANG_WARN_DEPRECATED_OBJC_IMPLEMENTATIONS = YES;
				CLANG_WARN_DIRECT_OBJC_ISA_USAGE = YES_ERROR;
				CLANG_WARN_DOCUMENTATION_COMMENTS = YES;
				CLANG_WARN_EMPTY_BODY = YES;
				CLANG_WARN_ENUM_CONVERSION = YES;
				CLANG_WARN_INFINITE_RECURSION = YES;
				CLANG_WARN_INT_CONVERSION = YES;
				CLANG_WARN_NON_LITERAL_NULL_CONVERSION = YES;
				CLANG_WARN_OBJC_IMPLICIT_RETAIN_SELF = YES;
				CLANG_WARN_OBJC_LITERAL_CONVERSION = YES;
				CLANG_WARN_OBJC_ROOT_CLASS = YES_ERROR;
				CLANG_WARN_QUOTED_INCLUDE_IN_FRAMEWORK_HEADER = YES;
				CLANG_WARN_RANGE_LOOP_ANALYSIS = YES;
				CLANG_WARN_STRICT_PROTOTYPES = YES;
				CLANG_WARN_SUSPICIOUS_MOVE = YES;
				CLANG_WARN_UNGUARDED_AVAILABILITY = YES_AGGRESSIVE;
				CLANG_WARN_UNREACHABLE_CODE = YES;
				CLANG_WARN__DUPLICATE_METHOD_MATCH = YES;
				COPY_PHASE_STRIP = NO;
				DEBUG_INFORMATION_FORMAT = "dwarf-with-dsym";
				ENABLE_NS_ASSERTIONS = NO;
				ENABLE_STRICT_OBJC_MSGSEND = YES;
				GCC_C_LANGUAGE_STANDARD = gnu11;
				GCC_NO_COMMON_BLOCKS = YES;
				GCC_WARN_64_TO_32_BIT_CONVERSION = YES;
				GCC_WARN_ABOUT_RETURN_TYPE = YES_ERROR;
				GCC_WARN_UNDECLARED_SELECTOR = YES;
				GCC_WARN_UNINITIALIZED_AUTOS = YES_AGGRESSIVE;
				GCC_WARN_UNUSED_FUNCTION = YES;
				GCC_WARN_UNUSED_VARIABLE = YES;
				IPHONEOS_DEPLOYMENT_TARGET = 15.4;
				MTL_ENABLE_DEBUG_INFO = NO;
				MTL_FAST_MATH = YES;
				SDKROOT = iphoneos;
				SWIFT_COMPILATION_MODE = wholemodule;
				SWIFT_OPTIMIZATION_LEVEL = "-O";
				VALIDATE_PRODUCT = YES;
			};
			name = Release;
		};
		DFCDD2992810728800D9E8A6 /* Debug */ = {
			isa = XCBuildConfiguration;
			baseConfigurationReference = 3E1FEB9BC8512EBD568A21F2 /* Pods-TikTok.debug.xcconfig */;
			buildSettings = {
				ASSETCATALOG_COMPILER_APPICON_NAME = AppIcon;
				ASSETCATALOG_COMPILER_GLOBAL_ACCENT_COLOR_NAME = AccentColor;
				CODE_SIGN_IDENTITY = "Apple Development";
				CODE_SIGN_STYLE = Automatic;
				CURRENT_PROJECT_VERSION = 1;
				DEVELOPMENT_TEAM = UNQVQM5ZA2;
				GENERATE_INFOPLIST_FILE = YES;
				INFOPLIST_FILE = TikTok/Info.plist;
				INFOPLIST_KEY_CFBundleDisplayName = TikTok;
				INFOPLIST_KEY_NSCameraUsageDescription = "Please allow access to record videos.";
				INFOPLIST_KEY_NSMicrophoneUsageDescription = "Please allow access to record videos.";
				INFOPLIST_KEY_NSPhotoLibraryAddUsageDescription = "Please allow access to save the video to your device.";
				INFOPLIST_KEY_NSPhotoLibraryUsageDescription = "Please allow access to select profile picture from library.";
				INFOPLIST_KEY_UIApplicationSupportsIndirectInputEvents = YES;
				INFOPLIST_KEY_UILaunchStoryboardName = LaunchScreen;
				INFOPLIST_KEY_UISupportedInterfaceOrientations = UIInterfaceOrientationPortrait;
				INFOPLIST_KEY_UISupportedInterfaceOrientations_iPad = "UIInterfaceOrientationPortrait UIInterfaceOrientationPortraitUpsideDown";
				INFOPLIST_KEY_UISupportedInterfaceOrientations_iPhone = "UIInterfaceOrientationPortrait UIInterfaceOrientationLandscapeLeft UIInterfaceOrientationLandscapeRight";
				IPHONEOS_DEPLOYMENT_TARGET = 13.0;
				LD_RUNPATH_SEARCH_PATHS = (
					"$(inherited)",
					"@executable_path/Frameworks",
				);
				MARKETING_VERSION = 1.0;
				PRODUCT_BUNDLE_IDENTIFIER = Practice.TikTok123;
				PRODUCT_NAME = "$(TARGET_NAME)";
				PROVISIONING_PROFILE_SPECIFIER = "";
				SWIFT_EMIT_LOC_STRINGS = YES;
				SWIFT_VERSION = 5.0;
				TARGETED_DEVICE_FAMILY = 1;
			};
			name = Debug;
		};
		DFCDD29A2810728800D9E8A6 /* Release */ = {
			isa = XCBuildConfiguration;
			baseConfigurationReference = 566E58D4CE918A323AE74D1F /* Pods-TikTok.release.xcconfig */;
			buildSettings = {
				ASSETCATALOG_COMPILER_APPICON_NAME = AppIcon;
				ASSETCATALOG_COMPILER_GLOBAL_ACCENT_COLOR_NAME = AccentColor;
				CODE_SIGN_IDENTITY = "Apple Development";
				CODE_SIGN_STYLE = Automatic;
				CURRENT_PROJECT_VERSION = 1;
				DEVELOPMENT_TEAM = UNQVQM5ZA2;
				GENERATE_INFOPLIST_FILE = YES;
				INFOPLIST_FILE = TikTok/Info.plist;
				INFOPLIST_KEY_CFBundleDisplayName = TikTok;
				INFOPLIST_KEY_NSCameraUsageDescription = "Please allow access to record videos.";
				INFOPLIST_KEY_NSMicrophoneUsageDescription = "Please allow access to record videos.";
				INFOPLIST_KEY_NSPhotoLibraryAddUsageDescription = "Please allow access to save the video to your device.";
				INFOPLIST_KEY_NSPhotoLibraryUsageDescription = "Please allow access to select profile picture from library.";
				INFOPLIST_KEY_UIApplicationSupportsIndirectInputEvents = YES;
				INFOPLIST_KEY_UILaunchStoryboardName = LaunchScreen;
				INFOPLIST_KEY_UISupportedInterfaceOrientations = UIInterfaceOrientationPortrait;
				INFOPLIST_KEY_UISupportedInterfaceOrientations_iPad = "UIInterfaceOrientationPortrait UIInterfaceOrientationPortraitUpsideDown";
				INFOPLIST_KEY_UISupportedInterfaceOrientations_iPhone = "UIInterfaceOrientationPortrait UIInterfaceOrientationLandscapeLeft UIInterfaceOrientationLandscapeRight";
				IPHONEOS_DEPLOYMENT_TARGET = 13.0;
				LD_RUNPATH_SEARCH_PATHS = (
					"$(inherited)",
					"@executable_path/Frameworks",
				);
				MARKETING_VERSION = 1.0;
				PRODUCT_BUNDLE_IDENTIFIER = Practice.TikTok123;
				PRODUCT_NAME = "$(TARGET_NAME)";
				PROVISIONING_PROFILE_SPECIFIER = "";
				SWIFT_EMIT_LOC_STRINGS = YES;
				SWIFT_VERSION = 5.0;
				TARGETED_DEVICE_FAMILY = 1;
			};
			name = Release;
		};
/* End XCBuildConfiguration section */

/* Begin XCConfigurationList section */
		DFCDD27F2810728600D9E8A6 /* Build configuration list for PBXProject "TikTok" */ = {
			isa = XCConfigurationList;
			buildConfigurations = (
				DFCDD2962810728800D9E8A6 /* Debug */,
				DFCDD2972810728800D9E8A6 /* Release */,
			);
			defaultConfigurationIsVisible = 0;
			defaultConfigurationName = Release;
		};
		DFCDD2982810728800D9E8A6 /* Build configuration list for PBXNativeTarget "TikTok" */ = {
			isa = XCConfigurationList;
			buildConfigurations = (
				DFCDD2992810728800D9E8A6 /* Debug */,
				DFCDD29A2810728800D9E8A6 /* Release */,
			);
			defaultConfigurationIsVisible = 0;
			defaultConfigurationName = Release;
		};
/* End XCConfigurationList section */
	};
	rootObject = DFCDD27C2810728600D9E8A6 /* Project object */;
}
